
Microsoft Visual Studio Solution File, Format Version 12.00
# Visual Studio 14
VisualStudioVersion = 14.0.25123.0
MinimumVisualStudioVersion = 10.0.40219.1
Project("{FAE04EC0-301F-11D3-BF4B-00C04F79EFBC}") = "GrooveApi", "GrooveApi\GrooveApi.csproj", "{5A79E353-3C64-466F-9E39-906C23BEEAEE}"
EndProject
Project("{FAE04EC0-301F-11D3-BF4B-00C04F79EFBC}") = "Tests", "Tests\Tests.csproj", "{F26F6AAA-5009-4B55-93B6-342A21F207ED}"
EndProject
Project("{2150E333-8FDC-42A3-9474-1A3956D46DE8}") = "Solution Items", "Solution Items", "{D82754DB-4ACA-457C-A5E0-F428F9630E43}"
	ProjectSection(SolutionItems) = preProject
		..\.gitattributes = ..\.gitattributes
		..\.gitignore = ..\.gitignore
	EndProjectSection
EndProject
Global
	GlobalSection(SolutionConfigurationPlatforms) = preSolution
		Debug|Any CPU = Debug|Any CPU
		Release|Any CPU = Release|Any CPU
	EndGlobalSection
	GlobalSection(ProjectConfigurationPlatforms) = postSolution
		{5A79E353-3C64-466F-9E39-906C23BEEAEE}.Debug|Any CPU.ActiveCfg = Debug|Any CPU
		{5A79E353-3C64-466F-9E39-906C23BEEAEE}.Debug|Any CPU.Build.0 = Debug|Any CPU
		{5A79E353-3C64-466F-9E39-906C23BEEAEE}.Release|Any CPU.ActiveCfg = Release|Any CPU
		{5A79E353-3C64-466F-9E39-906C23BEEAEE}.Release|Any CPU.Build.0 = Release|Any CPU
		{F26F6AAA-5009-4B55-93B6-342A21F207ED}.Debug|Any CPU.ActiveCfg = Debug|Any CPU
		{F26F6AAA-5009-4B55-93B6-342A21F207ED}.Debug|Any CPU.Build.0 = Debug|Any CPU
		{F26F6AAA-5009-4B55-93B6-342A21F207ED}.Release|Any CPU.ActiveCfg = Release|Any CPU
		{F26F6AAA-5009-4B55-93B6-342A21F207ED}.Release|Any CPU.Build.0 = Release|Any CPU
	EndGlobalSection
	GlobalSection(SolutionProperties) = preSolution
		HideSolutionNode = FALSE
	EndGlobalSection
EndGlobal
